<?xml version="1.0" encoding="utf-8"?>
<Project ToolsVersion="4.0" xmlns="http://schemas.microsoft.com/developer/msbuild/2003">
  <ItemGroup>
    <Filter Include="Core">
      <UniqueIdentifier>{de24c14d-98a6-40b1-9947-b2ecdbbf00f3}</UniqueIdentifier>
    </Filter>
    <Filter Include="Entities">
      <UniqueIdentifier>{30a3024e-ecb0-4fdd-8511-477ef1363f1c}</UniqueIdentifier>
    </Filter>
    <Filter Include="Overlays">
      <UniqueIdentifier>{431c0cf4-a4b5-4f9c-8806-b33254f62f04}</UniqueIdentifier>
    </Filter>
    <Filter Include="Screens">
      <UniqueIdentifier>{41988e1a-49cf-45ec-b1a9-71a6880c859d}</UniqueIdentifier>
    </Filter>
    <Filter Include="UI">
      <UniqueIdentifier>{32de6cf6-db3a-4d7e-959e-8a0244790b1e}</UniqueIdentifier>
    </Filter>
    <Filter Include="Utilities">
      <UniqueIdentifier>{d41cbce8-9b88-492a-bfb6-4345a65a113c}</UniqueIdentifier>
    </Filter>
    <Filter Include="Config">
      <UniqueIdentifier>{1c5c72ee-e134-4764-b4fe-7344fe1286a9}</UniqueIdentifier>
    </Filter>
    <Filter Include="Config\Constants">
      <UniqueIdentifier>{d8a85168-9edc-4cde-9f9c-bcf1a599d793}</UniqueIdentifier>
    </Filter>
    <Filter Include="Entities\Player">
      <UniqueIdentifier>{43a7f531-345b-42f7-b276-915956a03d80}</UniqueIdentifier>
    </Filter>
    <Filter Include="Entities\Enemies">
      <UniqueIdentifier>{8f5effa5-1485-4cb2-9067-893f0ea1fa1d}</UniqueIdentifier>
    </Filter>
    <Filter Include="Entities\Projectiles">
      <UniqueIdentifier>{16ce9182-ac93-4047-b25b-27f6a1ac881a}</UniqueIdentifier>
    </Filter>
    <Filter Include="Overlays\Instruction">
      <UniqueIdentifier>{b2401e27-6894-4852-bc92-8bf680455b94}</UniqueIdentifier>
    </Filter>
    <Filter Include="UI\Buttons">
      <UniqueIdentifier>{c10a251e-5b95-4b74-97e1-397971b0d347}</UniqueIdentifier>
    </Filter>
    <Filter Include="Utilities\Math">
      <UniqueIdentifier>{fc772a7b-11dc-40b1-a839-baed6b65b3e9}</UniqueIdentifier>
    </Filter>
    <Filter Include="Utilities\Physics">
      <UniqueIdentifier>{a9bb7b8a-9b66-4960-ad80-be7d19d97dd2}</UniqueIdentifier>
    </Filter>
    <Filter Include="Utilities\UI">
      <UniqueIdentifier>{b7c5a0b2-d1d2-437d-a7ea-ad602d68d528}</UniqueIdentifier>
    </Filter>
    <Filter Include="Overlays\PauseMenu">
      <UniqueIdentifier>{12f51b10-ac0a-4008-8d81-c6c08beeec17}</UniqueIdentifier>
    </Filter>
    <Filter Include="Screens\GameDemo">
      <UniqueIdentifier>{273c94dd-988e-4915-8e1e-67f3f305c95b}</UniqueIdentifier>
    </Filter>
    <Filter Include="Screens\GameStart">
      <UniqueIdentifier>{df5d57e1-49cb-4c6a-afe4-d10fd3fbabc1}</UniqueIdentifier>
    </Filter>
    <Filter Include="Screens\GamePlay">
      <UniqueIdentifier>{5484d284-0d87-41a4-9ee5-c7e351cec9bd}</UniqueIdentifier>
    </Filter>
    <Filter Include="Screens\GameOver">
      <UniqueIdentifier>{ef65ead9-e47e-4fd1-8489-e60fbd1184a8}</UniqueIdentifier>
    </Filter>
    <Filter Include="Core\App">
      <UniqueIdentifier>{b420bb40-31de-412e-abfe-1d61b5325104}</UniqueIdentifier>
    </Filter>
    <Filter Include="Core\GameWorld">
      <UniqueIdentifier>{250250e9-0443-48d6-8fb9-55c572ba6703}</UniqueIdentifier>
    </Filter>
    <Filter Include="Core\Systems">
      <UniqueIdentifier>{addd45f4-c110-4d8b-bcea-230c7e8e4e58}</UniqueIdentifier>
    </Filter>
    <Filter Include="Core\Systems\Aiming">
      <UniqueIdentifier>{94f6a425-fe71-42d1-8eca-d4fd33dfb781}</UniqueIdentifier>
    </Filter>
    <Filter Include="Core\Systems\CollisionDetection">
      <UniqueIdentifier>{423da9d2-7177-4e5d-8df6-27ffdd720c57}</UniqueIdentifier>
    </Filter>
    <Filter Include="Core\Systems\Combat">
      <UniqueIdentifier>{336b8013-d511-407d-9c12-8e2f6f310c77}</UniqueIdentifier>
    </Filter>
    <Filter Include="Core\Systems\Shooting">
      <UniqueIdentifier>{d73af4f9-224a-4b47-9aba-8dff93fcb79e}</UniqueIdentifier>
    </Filter>
    <Filter Include="Core\Assets">
      <UniqueIdentifier>{747f9561-8311-4728-ab49-ed78a64d9792}</UniqueIdentifier>
    </Filter>
    <Filter Include="Utilities\Graphics">
      <UniqueIdentifier>{ce11ebc9-d24c-418f-9a98-88a32db0928b}</UniqueIdentifier>
    </Filter>
  </ItemGroup>
  <ItemGroup>
    <ClCompile Include="src\Core\main.cpp">
      <Filter>Core</Filter>
    </ClCompile>
    <ClCompile Include="src\Entities\Player\Player.cpp">
      <Filter>Entities\Player</Filter>
    </ClCompile>
    <ClCompile Include="src\Entities\Enemies\Ball.cpp">
      <Filter>Entities\Enemies</Filter>
    </ClCompile>
    <ClCompile Include="src\Entities\Enemies\BallManager.cpp">
      <Filter>Entities\Enemies</Filter>
    </ClCompile>
    <ClCompile Include="src\Entities\Projectiles\Bullet.cpp">
      <Filter>Entities\Projectiles</Filter>
    </ClCompile>
    <ClCompile Include="src\Overlays\Instruction\InstructionOverlay.cpp">
      <Filter>Overlays\Instruction</Filter>
    </ClCompile>
    <ClCompile Include="src\UI\Buttons\TextButton.cpp">
      <Filter>UI\Buttons</Filter>
    </ClCompile>
    <ClCompile Include="src\Utilities\Math\MathUtils.cpp">
      <Filter>Utilities\Math</Filter>
    </ClCompile>
    <ClCompile Include="src\Utilities\Physics\PhysicsUtils.cpp">
      <Filter>Utilities\Physics</Filter>
    </ClCompile>
    <ClCompile Include="src\Utilities\UI\UIUtils.cpp">
      <Filter>Utilities\UI</Filter>
    </ClCompile>
    <ClCompile Include="src\Overlays\PauseMenu\PauseMenuOverlay.cpp">
      <Filter>Overlays\PauseMenu</Filter>
    </ClCompile>
    <ClCompile Include="src\Screens\GameDemo\GameDemoScreen.cpp">
      <Filter>Screens\GameDemo</Filter>
    </ClCompile>
    <ClCompile Include="src\Screens\GameStart\GameStartScreen.cpp">
      <Filter>Screens\GameStart</Filter>
    </ClCompile>
    <ClCompile Include="src\Screens\GamePlay\GamePlayScreen.cpp">
      <Filter>Screens\GamePlay</Filter>
    </ClCompile>
    <ClCompile Include="src\Screens\GameOver\GameOverScreen.cpp">
      <Filter>Screens\GameOver</Filter>
    </ClCompile>
    <ClCompile Include="src\Core\App\Game.cpp">
      <Filter>Core\App</Filter>
    </ClCompile>
    <ClCompile Include="src\Core\GameWorld\GameWorld.cpp">
      <Filter>Core\GameWorld</Filter>
    </ClCompile>
    <ClCompile Include="src\Core\Systems\Aiming\AimingSystem.cpp">
      <Filter>Core\Systems\Aiming</Filter>
    </ClCompile>
    <ClCompile Include="src\Core\Systems\CollisionDetection\CollisionDetectionSystem.cpp">
      <Filter>Core\Systems\CollisionDetection</Filter>
    </ClCompile>
    <ClCompile Include="src\Core\Systems\Combat\CombatSystem.cpp">
      <Filter>Core\Systems\Combat</Filter>
    </ClCompile>
    <ClCompile Include="src\Core\Systems\Shooting\ShootingSystem.cpp">
      <Filter>Core\Systems\Shooting</Filter>
    </ClCompile>
    <ClCompile Include="src\Core\Assets\GameAssets.cpp">
      <Filter>Core\Assets</Filter>
    </ClCompile>
    <ClCompile Include="src\Utilities\Graphics\AnimatedSprite.cpp">
      <Filter>Utilities\Graphics</Filter>
    </ClCompile>
  </ItemGroup>
  <ItemGroup>
    <ClInclude Include="src\Config\Constants\GameConstants.h">
      <Filter>Config\Constants</Filter>
    </ClInclude>
    <ClInclude Include="src\Entities\Player\Player.h">
      <Filter>Entities\Player</Filter>
    </ClInclude>
    <ClInclude Include="src\Entities\Enemies\Ball.h">
      <Filter>Entities\Enemies</Filter>
    </ClInclude>
    <ClInclude Include="src\Entities\Enemies\BallManager.h">
      <Filter>Entities\Enemies</Filter>
    </ClInclude>
    <ClInclude Include="src\Overlays\Instruction\InstructionOverlay.h">
      <Filter>Overlays\Instruction</Filter>
    </ClInclude>
    <ClInclude Include="src\Overlays\Overlay.h">
      <Filter>Overlays</Filter>
    </ClInclude>
    <ClInclude Include="src\Screens\Screen.h">
      <Filter>Screens</Filter>
    </ClInclude>
    <ClInclude Include="src\UI\Buttons\TextButton.h">
      <Filter>UI\Buttons</Filter>
    </ClInclude>
    <ClInclude Include="src\Utilities\Math\MathUtils.h">
      <Filter>Utilities\Math</Filter>
    </ClInclude>
    <ClInclude Include="src\Utilities\Physics\PhysicsUtils.h">
      <Filter>Utilities\Physics</Filter>
    </ClInclude>
    <ClInclude Include="src\Utilities\UI\UIUtils.h">
      <Filter>Utilities\UI</Filter>
    </ClInclude>
    <ClInclude Include="src\Overlays\PauseMenu\PauseMenuOverlay.h">
      <Filter>Overlays\PauseMenu</Filter>
    </ClInclude>
    <ClInclude Include="src\Screens\GameDemo\GameDemoScreen.h">
      <Filter>Screens\GameDemo</Filter>
    </ClInclude>
    <ClInclude Include="src\Screens\GameStart\GameStartScreen.h">
      <Filter>Screens\GameStart</Filter>
    </ClInclude>
    <ClInclude Include="src\Screens\GamePlay\GamePlayScreen.h">
      <Filter>Screens\GamePlay</Filter>
    </ClInclude>
    <ClInclude Include="src\Screens\GameOver\GameOverScreen.h">
      <Filter>Screens\GameOver</Filter>
    </ClInclude>
    <ClInclude Include="src\Entities\Entity.h">
      <Filter>Entities</Filter>
    </ClInclude>
    <ClInclude Include="src\Core\App\Game.h">
      <Filter>Core\App</Filter>
    </ClInclude>
    <ClInclude Include="src\Core\GameWorld\GameWorld.h">
      <Filter>Core\GameWorld</Filter>
    </ClInclude>
    <ClInclude Include="src\Entities\Projectiles\Bullet.h">
      <Filter>Entities\Projectiles</Filter>
    </ClInclude>
    <ClInclude Include="src\Core\Systems\Aiming\AimingSystem.h">
      <Filter>Core\Systems\Aiming</Filter>
    </ClInclude>
    <ClInclude Include="src\Core\Systems\CollisionDetection\CollisionDetectionSystem.h">
      <Filter>Core\Systems\CollisionDetection</Filter>
    </ClInclude>
    <ClInclude Include="src\Core\Systems\Combat\CombatSystem.h">
      <Filter>Core\Systems\Combat</Filter>
    </ClInclude>
    <ClInclude Include="src\Core\Systems\Shooting\ShootingSystem.h">
      <Filter>Core\Systems\Shooting</Filter>
    </ClInclude>
    <ClInclude Include="src\Core\Assets\GameAssets.h">
      <Filter>Core\Assets</Filter>
    </ClInclude>
    <ClInclude Include="src\Utilities\Graphics\AnimatedSprite.h">
      <Filter>Utilities\Graphics</Filter>
    </ClInclude>
  </ItemGroup>
  <ItemGroup>
    <None Include="src\Core\App\Game.inl">
      <Filter>Core\App</Filter>
    </None>
  </ItemGroup>
</Project>